PODS:
  - FlutterMacOS (1.0.0)
  - slan_app_core_plugin_macos (0.1.0):
    - FlutterMacOS

DEPENDENCIES:
  - FlutterMacOS (from `Flutter/ephemeral`)
  - slan_app_core_plugin_macos (from `Flutter/ephemeral/.symlinks/plugins/slan_app_core_plugin_macos/macos`)

EXTERNAL SOURCES:
  FlutterMacOS:
    :path: Flutter/ephemeral
  slan_app_core_plugin_macos:
    :path: Flutter/ephemeral/.symlinks/plugins/slan_app_core_plugin_macos/macos

SPEC CHECKSUMS:
  FlutterMacOS: d0db08ddef1a9af05a5ec4b724367152bb0500b1
  slan_app_core_plugin_macos: 46cd34c6e7cb5e5bb595466eae8d1bdb280adfdc

PODFILE CHECKSUM: 54d867c82ac51cbd61b565781b9fada492027009

COCOAPODS: 1.15.2
