PODS:
  - client_core_plugin (0.1.0):
    - FlutterMacOS
  - FlutterMacOS (1.0.0)

DEPENDENCIES:
  - client_core_plugin (from `Flutter/ephemeral/.symlinks/plugins/client_core_plugin/macos`)
  - FlutterMacOS (from `Flutter/ephemeral`)

EXTERNAL SOURCES:
  client_core_plugin:
    :path: Flutter/ephemeral/.symlinks/plugins/client_core_plugin/macos
  FlutterMacOS:
    :path: Flutter/ephemeral

SPEC CHECKSUMS:
  client_core_plugin: 403897f2dc6928e70113d6c0d644eac60bd8ecbe
  FlutterMacOS: d0db08ddef1a9af05a5ec4b724367152bb0500b1

PODFILE CHECKSUM: 54d867c82ac51cbd61b565781b9fada492027009

COCOAPODS: 1.16.2
